// !$*UTF8*$!
{
	archiveVersion = 1;
	classes = {
	};
	objectVersion = 46;
	objects = {

/* Begin PBXBuildFile section */
		2F7BBEAD345D56929900EDAC /* Pods_20170808hack_iosTests.framework in Frameworks */ = {isa = PBXBuildFile; fileRef = 882AC085544AE76D39D88BBF /* Pods_20170808hack_iosTests.framework */; };
		3139D1931F39F18200189BDB /* System1.storyboard in Resources */ = {isa = PBXBuildFile; fileRef = 3139D1921F39F18200189BDB /* System1.storyboard */; };
		3139D1951F3A1E7400189BDB /* GoogleService-Info.plist in Resources */ = {isa = PBXBuildFile; fileRef = 3139D1941F3A1E7400189BDB /* GoogleService-Info.plist */; };
		494A75B81924F3BE84BE69E5 /* Pods_20170808hack_ios.framework in Frameworks */ = {isa = PBXBuildFile; fileRef = 826ED81D029902DAE3555DC1 /* Pods_20170808hack_ios.framework */; };
		5E9A5E5A9053ABFCE27724DA /* Pods_20170808hack_iosUITests.framework in Frameworks */ = {isa = PBXBuildFile; fileRef = 2F63AC72EEEEEA492210B3F3 /* Pods_20170808hack_iosUITests.framework */; };
		BF0BD5351F398C23001945C8 /* AppDelegate.swift in Sources */ = {isa = PBXBuildFile; fileRef = BF0BD5341F398C23001945C8 /* AppDelegate.swift */; };
		BF0BD5371F398C23001945C8 /* ViewController.swift in Sources */ = {isa = PBXBuildFile; fileRef = BF0BD5361F398C23001945C8 /* ViewController.swift */; };
		BF0BD53A1F398C23001945C8 /* Main.storyboard in Resources */ = {isa = PBXBuildFile; fileRef = BF0BD5381F398C23001945C8 /* Main.storyboard */; };
		BF0BD53C1F398C23001945C8 /* Assets.xcassets in Resources */ = {isa = PBXBuildFile; fileRef = BF0BD53B1F398C23001945C8 /* Assets.xcassets */; };
		BF0BD53F1F398C23001945C8 /* LaunchScreen.storyboard in Resources */ = {isa = PBXBuildFile; fileRef = BF0BD53D1F398C23001945C8 /* LaunchScreen.storyboard */; };
		BF0BD54A1F398C23001945C8 /* _0170808hack_iosTests.swift in Sources */ = {isa = PBXBuildFile; fileRef = BF0BD5491F398C23001945C8 /* _0170808hack_iosTests.swift */; };
		BF0BD5551F398C23001945C8 /* _0170808hack_iosUITests.swift in Sources */ = {isa = PBXBuildFile; fileRef = BF0BD5541F398C23001945C8 /* _0170808hack_iosUITests.swift */; };
		BF0BD5671F39A3BF001945C8 /* collectionViewController.swift in Sources */ = {isa = PBXBuildFile; fileRef = BF0BD5661F39A3BF001945C8 /* collectionViewController.swift */; };
		BF0BD5751F39D155001945C8 /* 1.png in Resources */ = {isa = PBXBuildFile; fileRef = BF0BD5711F39D155001945C8 /* 1.png */; };
		BF0BD5761F39D155001945C8 /* 2.png in Resources */ = {isa = PBXBuildFile; fileRef = BF0BD5721F39D155001945C8 /* 2.png */; };
		BF0BD5771F39D155001945C8 /* 3.png in Resources */ = {isa = PBXBuildFile; fileRef = BF0BD5731F39D155001945C8 /* 3.png */; };
		BF0BD5781F39D155001945C8 /* アイコン.png in Resources */ = {isa = PBXBuildFile; fileRef = BF0BD5741F39D155001945C8 /* アイコン.png */; };
		BF0BD57C1F39D1F1001945C8 /* rittu.jpg in Resources */ = {isa = PBXBuildFile; fileRef = BF0BD57A1F39D1F1001945C8 /* rittu.jpg */; };
		BF0BD57D1F39D1F1001945C8 /* 六本木の夜景.jpg in Resources */ = {isa = PBXBuildFile; fileRef = BF0BD57B1F39D1F1001945C8 /* 六本木の夜景.jpg */; };
		BF0BD5801F39D32C001945C8 /* sensingViewController.swift in Sources */ = {isa = PBXBuildFile; fileRef = BF0BD57F1F39D32C001945C8 /* sensingViewController.swift */; };
		BF0BD5821F39D3AB001945C8 /* ExamplesDefaults.swift in Sources */ = {isa = PBXBuildFile; fileRef = BF0BD5811F39D3AB001945C8 /* ExamplesDefaults.swift */; };
		BF0BD5841F39D3C9001945C8 /* Env.swift in Sources */ = {isa = PBXBuildFile; fileRef = BF0BD5831F39D3C9001945C8 /* Env.swift */; };
		BF0BD5861F39D3E3001945C8 /* RangedAxisExample.swift in Sources */ = {isa = PBXBuildFile; fileRef = BF0BD5851F39D3E3001945C8 /* RangedAxisExample.swift */; };
		BF10842C1F39FBA10039570B /* detailViewController.swift in Sources */ = {isa = PBXBuildFile; fileRef = BF10842B1F39FBA10039570B /* detailViewController.swift */; };
		BF10843A1F3A26B60039570B /* LaQua.jpg in Resources */ = {isa = PBXBuildFile; fileRef = BF10842D1F3A26B60039570B /* LaQua.jpg */; };
		BF10843B1F3A26B60039570B /* すみだ水族館.jpg in Resources */ = {isa = PBXBuildFile; fileRef = BF10842E1F3A26B60039570B /* すみだ水族館.jpg */; };
		BF10843C1F3A26B60039570B /* とよしまえん.jpg in Resources */ = {isa = PBXBuildFile; fileRef = BF10842F1F3A26B60039570B /* とよしまえん.jpg */; };
		BF10843D1F3A26B60039570B /* 上野動物園.jpg in Resources */ = {isa = PBXBuildFile; fileRef = BF1084301F3A26B60039570B /* 上野動物園.jpg */; };
		BF10843E1F3A26B60039570B /* 代々木公園.jpg in Resources */ = {isa = PBXBuildFile; fileRef = BF1084311F3A26B60039570B /* 代々木公園.jpg */; };
		BF10843F1F3A26B60039570B /* 六本木ヒルズ.jpg in Resources */ = {isa = PBXBuildFile; fileRef = BF1084321F3A26B60039570B /* 六本木ヒルズ.jpg */; };
		BF1084401F3A26B60039570B /* 日比谷公園.jpg in Resources */ = {isa = PBXBuildFile; fileRef = BF1084331F3A26B60039570B /* 日比谷公園.jpg */; };
		BF1084411F3A26B60039570B /* 東京スカイツリー.jpg in Resources */ = {isa = PBXBuildFile; fileRef = BF1084341F3A26B60039570B /* 東京スカイツリー.jpg */; };
		BF1084421F3A26B60039570B /* 東京ミッドタウン.jpg in Resources */ = {isa = PBXBuildFile; fileRef = BF1084351F3A26B60039570B /* 東京ミッドタウン.jpg */; };
		BF1084431F3A26B60039570B /* 東京都庁展望室.jpg in Resources */ = {isa = PBXBuildFile; fileRef = BF1084361F3A26B60039570B /* 東京都庁展望室.jpg */; };
		BF1084441F3A26B60039570B /* 浜離宮恩賜庭園.jpg in Resources */ = {isa = PBXBuildFile; fileRef = BF1084371F3A26B60039570B /* 浜離宮恩賜庭園.jpg */; };
		BF1084451F3A26B60039570B /* 花やしき.jpg in Resources */ = {isa = PBXBuildFile; fileRef = BF1084381F3A26B60039570B /* 花やしき.jpg */; };
		BF1084461F3A26B60039570B /* 表参道.jpg in Resources */ = {isa = PBXBuildFile; fileRef = BF1084391F3A26B60039570B /* 表参道.jpg */; };
/* End PBXBuildFile section */

/* Begin PBXContainerItemProxy section */
		BF0BD5461F398C23001945C8 /* PBXContainerItemProxy */ = {
			isa = PBXContainerItemProxy;
			containerPortal = BF0BD5291F398C23001945C8 /* Project object */;
			proxyType = 1;
			remoteGlobalIDString = BF0BD5301F398C23001945C8;
			remoteInfo = "20170808hack-ios";
		};
		BF0BD5511F398C23001945C8 /* PBXContainerItemProxy */ = {
			isa = PBXContainerItemProxy;
			containerPortal = BF0BD5291F398C23001945C8 /* Project object */;
			proxyType = 1;
			remoteGlobalIDString = BF0BD5301F398C23001945C8;
			remoteInfo = "20170808hack-ios";
		};
/* End PBXContainerItemProxy section */

/* Begin PBXFileReference section */
		0A8765B898307C37FAFDF867 /* Pods-20170808hack-iosTests.debug.xcconfig */ = {isa = PBXFileReference; includeInIndex = 1; lastKnownFileType = text.xcconfig; name = "Pods-20170808hack-iosTests.debug.xcconfig"; path = "Pods/Target Support Files/Pods-20170808hack-iosTests/Pods-20170808hack-iosTests.debug.xcconfig"; sourceTree = "<group>"; };
		2F63AC72EEEEEA492210B3F3 /* Pods_20170808hack_iosUITests.framework */ = {isa = PBXFileReference; explicitFileType = wrapper.framework; includeInIndex = 0; path = Pods_20170808hack_iosUITests.framework; sourceTree = BUILT_PRODUCTS_DIR; };
		3139D1921F39F18200189BDB /* System1.storyboard */ = {isa = PBXFileReference; fileEncoding = 4; lastKnownFileType = file.storyboard; path = System1.storyboard; sourceTree = "<group>"; };
		3139D1941F3A1E7400189BDB /* GoogleService-Info.plist */ = {isa = PBXFileReference; fileEncoding = 4; lastKnownFileType = text.plist.xml; path = "GoogleService-Info.plist"; sourceTree = "<group>"; };
		4121ABE30F9BE69BE1E443D0 /* Pods-20170808hack-ios.debug.xcconfig */ = {isa = PBXFileReference; includeInIndex = 1; lastKnownFileType = text.xcconfig; name = "Pods-20170808hack-ios.debug.xcconfig"; path = "Pods/Target Support Files/Pods-20170808hack-ios/Pods-20170808hack-ios.debug.xcconfig"; sourceTree = "<group>"; };
		584ED8C4F731FB2DBC46F050 /* Pods-20170808hack-iosUITests.release.xcconfig */ = {isa = PBXFileReference; includeInIndex = 1; lastKnownFileType = text.xcconfig; name = "Pods-20170808hack-iosUITests.release.xcconfig"; path = "Pods/Target Support Files/Pods-20170808hack-iosUITests/Pods-20170808hack-iosUITests.release.xcconfig"; sourceTree = "<group>"; };
		5A0B29DF6778C1E59BD7EEC5 /* Pods-20170808hack-ios.release.xcconfig */ = {isa = PBXFileReference; includeInIndex = 1; lastKnownFileType = text.xcconfig; name = "Pods-20170808hack-ios.release.xcconfig"; path = "Pods/Target Support Files/Pods-20170808hack-ios/Pods-20170808hack-ios.release.xcconfig"; sourceTree = "<group>"; };
		826ED81D029902DAE3555DC1 /* Pods_20170808hack_ios.framework */ = {isa = PBXFileReference; explicitFileType = wrapper.framework; includeInIndex = 0; path = Pods_20170808hack_ios.framework; sourceTree = BUILT_PRODUCTS_DIR; };
		882AC085544AE76D39D88BBF /* Pods_20170808hack_iosTests.framework */ = {isa = PBXFileReference; explicitFileType = wrapper.framework; includeInIndex = 0; path = Pods_20170808hack_iosTests.framework; sourceTree = BUILT_PRODUCTS_DIR; };
		BF0BD5311F398C23001945C8 /* 20170808hack-ios.app */ = {isa = PBXFileReference; explicitFileType = wrapper.application; includeInIndex = 0; path = "20170808hack-ios.app"; sourceTree = BUILT_PRODUCTS_DIR; };
		BF0BD5341F398C23001945C8 /* AppDelegate.swift */ = {isa = PBXFileReference; lastKnownFileType = sourcecode.swift; path = AppDelegate.swift; sourceTree = "<group>"; };
		BF0BD5361F398C23001945C8 /* ViewController.swift */ = {isa = PBXFileReference; lastKnownFileType = sourcecode.swift; path = ViewController.swift; sourceTree = "<group>"; };
		BF0BD5391F398C23001945C8 /* Base */ = {isa = PBXFileReference; lastKnownFileType = file.storyboard; name = Base; path = Base.lproj/Main.storyboard; sourceTree = "<group>"; };
		BF0BD53B1F398C23001945C8 /* Assets.xcassets */ = {isa = PBXFileReference; lastKnownFileType = folder.assetcatalog; path = Assets.xcassets; sourceTree = "<group>"; };
		BF0BD53E1F398C23001945C8 /* Base */ = {isa = PBXFileReference; lastKnownFileType = file.storyboard; name = Base; path = Base.lproj/LaunchScreen.storyboard; sourceTree = "<group>"; };
		BF0BD5401F398C23001945C8 /* Info.plist */ = {isa = PBXFileReference; lastKnownFileType = text.plist.xml; path = Info.plist; sourceTree = "<group>"; };
		BF0BD5451F398C23001945C8 /* 20170808hack-iosTests.xctest */ = {isa = PBXFileReference; explicitFileType = wrapper.cfbundle; includeInIndex = 0; path = "20170808hack-iosTests.xctest"; sourceTree = BUILT_PRODUCTS_DIR; };
		BF0BD5491F398C23001945C8 /* _0170808hack_iosTests.swift */ = {isa = PBXFileReference; lastKnownFileType = sourcecode.swift; path = _0170808hack_iosTests.swift; sourceTree = "<group>"; };
		BF0BD54B1F398C23001945C8 /* Info.plist */ = {isa = PBXFileReference; lastKnownFileType = text.plist.xml; path = Info.plist; sourceTree = "<group>"; };
		BF0BD5501F398C23001945C8 /* 20170808hack-iosUITests.xctest */ = {isa = PBXFileReference; explicitFileType = wrapper.cfbundle; includeInIndex = 0; path = "20170808hack-iosUITests.xctest"; sourceTree = BUILT_PRODUCTS_DIR; };
		BF0BD5541F398C23001945C8 /* _0170808hack_iosUITests.swift */ = {isa = PBXFileReference; lastKnownFileType = sourcecode.swift; path = _0170808hack_iosUITests.swift; sourceTree = "<group>"; };
		BF0BD5561F398C23001945C8 /* Info.plist */ = {isa = PBXFileReference; lastKnownFileType = text.plist.xml; path = Info.plist; sourceTree = "<group>"; };
		BF0BD5661F39A3BF001945C8 /* collectionViewController.swift */ = {isa = PBXFileReference; fileEncoding = 4; lastKnownFileType = sourcecode.swift; path = collectionViewController.swift; sourceTree = "<group>"; };
		BF0BD5711F39D155001945C8 /* 1.png */ = {isa = PBXFileReference; lastKnownFileType = image.png; path = 1.png; sourceTree = "<group>"; };
		BF0BD5721F39D155001945C8 /* 2.png */ = {isa = PBXFileReference; lastKnownFileType = image.png; path = 2.png; sourceTree = "<group>"; };
		BF0BD5731F39D155001945C8 /* 3.png */ = {isa = PBXFileReference; lastKnownFileType = image.png; path = 3.png; sourceTree = "<group>"; };
		BF0BD5741F39D155001945C8 /* アイコン.png */ = {isa = PBXFileReference; lastKnownFileType = image.png; path = "アイコン.png"; sourceTree = "<group>"; };
		BF0BD57A1F39D1F1001945C8 /* rittu.jpg */ = {isa = PBXFileReference; lastKnownFileType = image.jpeg; path = rittu.jpg; sourceTree = "<group>"; };
		BF0BD57B1F39D1F1001945C8 /* 六本木の夜景.jpg */ = {isa = PBXFileReference; lastKnownFileType = image.jpeg; path = "六本木の夜景.jpg"; sourceTree = "<group>"; };
		BF0BD57F1F39D32C001945C8 /* sensingViewController.swift */ = {isa = PBXFileReference; fileEncoding = 4; lastKnownFileType = sourcecode.swift; path = sensingViewController.swift; sourceTree = "<group>"; };
		BF0BD5811F39D3AB001945C8 /* ExamplesDefaults.swift */ = {isa = PBXFileReference; fileEncoding = 4; lastKnownFileType = sourcecode.swift; path = ExamplesDefaults.swift; sourceTree = "<group>"; };
		BF0BD5831F39D3C9001945C8 /* Env.swift */ = {isa = PBXFileReference; fileEncoding = 4; lastKnownFileType = sourcecode.swift; path = Env.swift; sourceTree = "<group>"; };
		BF0BD5851F39D3E3001945C8 /* RangedAxisExample.swift */ = {isa = PBXFileReference; fileEncoding = 4; lastKnownFileType = sourcecode.swift; path = RangedAxisExample.swift; sourceTree = "<group>"; };
		BF10842B1F39FBA10039570B /* detailViewController.swift */ = {isa = PBXFileReference; fileEncoding = 4; lastKnownFileType = sourcecode.swift; path = detailViewController.swift; sourceTree = "<group>"; };
		BF10842D1F3A26B60039570B /* LaQua.jpg */ = {isa = PBXFileReference; lastKnownFileType = image.jpeg; path = LaQua.jpg; sourceTree = "<group>"; };
		BF10842E1F3A26B60039570B /* すみだ水族館.jpg */ = {isa = PBXFileReference; lastKnownFileType = image.jpeg; path = "すみだ水族館.jpg"; sourceTree = "<group>"; };
		BF10842F1F3A26B60039570B /* とよしまえん.jpg */ = {isa = PBXFileReference; lastKnownFileType = image.jpeg; path = "とよしまえん.jpg"; sourceTree = "<group>"; };
		BF1084301F3A26B60039570B /* 上野動物園.jpg */ = {isa = PBXFileReference; lastKnownFileType = image.jpeg; path = "上野動物園.jpg"; sourceTree = "<group>"; };
		BF1084311F3A26B60039570B /* 代々木公園.jpg */ = {isa = PBXFileReference; lastKnownFileType = image.jpeg; path = "代々木公園.jpg"; sourceTree = "<group>"; };
		BF1084321F3A26B60039570B /* 六本木ヒルズ.jpg */ = {isa = PBXFileReference; lastKnownFileType = image.jpeg; path = "六本木ヒルズ.jpg"; sourceTree = "<group>"; };
		BF1084331F3A26B60039570B /* 日比谷公園.jpg */ = {isa = PBXFileReference; lastKnownFileType = image.jpeg; path = "日比谷公園.jpg"; sourceTree = "<group>"; };
		BF1084341F3A26B60039570B /* 東京スカイツリー.jpg */ = {isa = PBXFileReference; lastKnownFileType = image.jpeg; path = "東京スカイツリー.jpg"; sourceTree = "<group>"; };
		BF1084351F3A26B60039570B /* 東京ミッドタウン.jpg */ = {isa = PBXFileReference; lastKnownFileType = image.jpeg; path = "東京ミッドタウン.jpg"; sourceTree = "<group>"; };
		BF1084361F3A26B60039570B /* 東京都庁展望室.jpg */ = {isa = PBXFileReference; lastKnownFileType = image.jpeg; path = "東京都庁展望室.jpg"; sourceTree = "<group>"; };
		BF1084371F3A26B60039570B /* 浜離宮恩賜庭園.jpg */ = {isa = PBXFileReference; lastKnownFileType = image.jpeg; path = "浜離宮恩賜庭園.jpg"; sourceTree = "<group>"; };
		BF1084381F3A26B60039570B /* 花やしき.jpg */ = {isa = PBXFileReference; lastKnownFileType = image.jpeg; path = "花やしき.jpg"; sourceTree = "<group>"; };
		BF1084391F3A26B60039570B /* 表参道.jpg */ = {isa = PBXFileReference; lastKnownFileType = image.jpeg; path = "表参道.jpg"; sourceTree = "<group>"; };
		C5C42EEAA48226592D9EE91B /* Pods-20170808hack-iosUITests.debug.xcconfig */ = {isa = PBXFileReference; includeInIndex = 1; lastKnownFileType = text.xcconfig; name = "Pods-20170808hack-iosUITests.debug.xcconfig"; path = "Pods/Target Support Files/Pods-20170808hack-iosUITests/Pods-20170808hack-iosUITests.debug.xcconfig"; sourceTree = "<group>"; };
		F451EAF1D4395232E2C6D6E4 /* Pods-20170808hack-iosTests.release.xcconfig */ = {isa = PBXFileReference; includeInIndex = 1; lastKnownFileType = text.xcconfig; name = "Pods-20170808hack-iosTests.release.xcconfig"; path = "Pods/Target Support Files/Pods-20170808hack-iosTests/Pods-20170808hack-iosTests.release.xcconfig"; sourceTree = "<group>"; };
/* End PBXFileReference section */

/* Begin PBXFrameworksBuildPhase section */
		BF0BD52E1F398C23001945C8 /* Frameworks */ = {
			isa = PBXFrameworksBuildPhase;
			buildActionMask = 2147483647;
			files = (
				494A75B81924F3BE84BE69E5 /* Pods_20170808hack_ios.framework in Frameworks */,
			);
			runOnlyForDeploymentPostprocessing = 0;
		};
		BF0BD5421F398C23001945C8 /* Frameworks */ = {
			isa = PBXFrameworksBuildPhase;
			buildActionMask = 2147483647;
			files = (
				2F7BBEAD345D56929900EDAC /* Pods_20170808hack_iosTests.framework in Frameworks */,
			);
			runOnlyForDeploymentPostprocessing = 0;
		};
		BF0BD54D1F398C23001945C8 /* Frameworks */ = {
			isa = PBXFrameworksBuildPhase;
			buildActionMask = 2147483647;
			files = (
				5E9A5E5A9053ABFCE27724DA /* Pods_20170808hack_iosUITests.framework in Frameworks */,
			);
			runOnlyForDeploymentPostprocessing = 0;
		};
/* End PBXFrameworksBuildPhase section */

/* Begin PBXGroup section */
		2E574573BF7352F203F0E57B /* Pods */ = {
			isa = PBXGroup;
			children = (
				4121ABE30F9BE69BE1E443D0 /* Pods-20170808hack-ios.debug.xcconfig */,
				5A0B29DF6778C1E59BD7EEC5 /* Pods-20170808hack-ios.release.xcconfig */,
				0A8765B898307C37FAFDF867 /* Pods-20170808hack-iosTests.debug.xcconfig */,
				F451EAF1D4395232E2C6D6E4 /* Pods-20170808hack-iosTests.release.xcconfig */,
				C5C42EEAA48226592D9EE91B /* Pods-20170808hack-iosUITests.debug.xcconfig */,
				584ED8C4F731FB2DBC46F050 /* Pods-20170808hack-iosUITests.release.xcconfig */,
			);
			name = Pods;
			sourceTree = "<group>";
		};
		74CB0BA91EC9340E76C03D22 /* Frameworks */ = {
			isa = PBXGroup;
			children = (
				826ED81D029902DAE3555DC1 /* Pods_20170808hack_ios.framework */,
				882AC085544AE76D39D88BBF /* Pods_20170808hack_iosTests.framework */,
				2F63AC72EEEEEA492210B3F3 /* Pods_20170808hack_iosUITests.framework */,
			);
			name = Frameworks;
			sourceTree = "<group>";
		};
		BF0BD5281F398C23001945C8 = {
			isa = PBXGroup;
			children = (
				BF0BD5331F398C23001945C8 /* 20170808hack-ios */,
				BF0BD5481F398C23001945C8 /* 20170808hack-iosTests */,
				BF0BD5531F398C23001945C8 /* 20170808hack-iosUITests */,
				BF0BD5321F398C23001945C8 /* Products */,
				2E574573BF7352F203F0E57B /* Pods */,
				74CB0BA91EC9340E76C03D22 /* Frameworks */,
			);
			sourceTree = "<group>";
		};
		BF0BD5321F398C23001945C8 /* Products */ = {
			isa = PBXGroup;
			children = (
				BF0BD5311F398C23001945C8 /* 20170808hack-ios.app */,
				BF0BD5451F398C23001945C8 /* 20170808hack-iosTests.xctest */,
				BF0BD5501F398C23001945C8 /* 20170808hack-iosUITests.xctest */,
			);
			name = Products;
			sourceTree = "<group>";
		};
		BF0BD5331F398C23001945C8 /* 20170808hack-ios */ = {
			isa = PBXGroup;
			children = (
				3139D1941F3A1E7400189BDB /* GoogleService-Info.plist */,
				BF0BD57E1F39D20C001945C8 /* img */,
				BF0BD5791F39D165001945C8 /* material */,
				BF0BD5341F398C23001945C8 /* AppDelegate.swift */,
				BF0BD5361F398C23001945C8 /* ViewController.swift */,
				BF0BD5381F398C23001945C8 /* Main.storyboard */,
				BF0BD5811F39D3AB001945C8 /* ExamplesDefaults.swift */,
				BF0BD5831F39D3C9001945C8 /* Env.swift */,
				BF0BD5851F39D3E3001945C8 /* RangedAxisExample.swift */,
				BF0BD5661F39A3BF001945C8 /* collectionViewController.swift */,
				BF10842B1F39FBA10039570B /* detailViewController.swift */,
				BF0BD57F1F39D32C001945C8 /* sensingViewController.swift */,
				BF0BD53B1F398C23001945C8 /* Assets.xcassets */,
				BF0BD53D1F398C23001945C8 /* LaunchScreen.storyboard */,
				BF0BD5401F398C23001945C8 /* Info.plist */,
				3139D1921F39F18200189BDB /* System1.storyboard */,
			);
			path = "20170808hack-ios";
			sourceTree = "<group>";
		};
		BF0BD5481F398C23001945C8 /* 20170808hack-iosTests */ = {
			isa = PBXGroup;
			children = (
				BF0BD5491F398C23001945C8 /* _0170808hack_iosTests.swift */,
				BF0BD54B1F398C23001945C8 /* Info.plist */,
			);
			path = "20170808hack-iosTests";
			sourceTree = "<group>";
		};
		BF0BD5531F398C23001945C8 /* 20170808hack-iosUITests */ = {
			isa = PBXGroup;
			children = (
				BF0BD5541F398C23001945C8 /* _0170808hack_iosUITests.swift */,
				BF0BD5561F398C23001945C8 /* Info.plist */,
			);
			path = "20170808hack-iosUITests";
			sourceTree = "<group>";
		};
		BF0BD5791F39D165001945C8 /* material */ = {
			isa = PBXGroup;
			children = (
				BF0BD5711F39D155001945C8 /* 1.png */,
				BF0BD5721F39D155001945C8 /* 2.png */,
				BF0BD5731F39D155001945C8 /* 3.png */,
				BF0BD5741F39D155001945C8 /* アイコン.png */,
			);
			name = material;
			sourceTree = "<group>";
		};
		BF0BD57E1F39D20C001945C8 /* img */ = {
			isa = PBXGroup;
			children = (
				BF0BD57A1F39D1F1001945C8 /* rittu.jpg */,
				BF0BD57B1F39D1F1001945C8 /* 六本木の夜景.jpg */,
				BF10842D1F3A26B60039570B /* LaQua.jpg */,
				BF10842E1F3A26B60039570B /* すみだ水族館.jpg */,
				BF10842F1F3A26B60039570B /* とよしまえん.jpg */,
				BF1084301F3A26B60039570B /* 上野動物園.jpg */,
				BF1084311F3A26B60039570B /* 代々木公園.jpg */,
				BF1084321F3A26B60039570B /* 六本木ヒルズ.jpg */,
				BF1084331F3A26B60039570B /* 日比谷公園.jpg */,
				BF1084341F3A26B60039570B /* 東京スカイツリー.jpg */,
				BF1084351F3A26B60039570B /* 東京ミッドタウン.jpg */,
				BF1084361F3A26B60039570B /* 東京都庁展望室.jpg */,
				BF1084371F3A26B60039570B /* 浜離宮恩賜庭園.jpg */,
				BF1084381F3A26B60039570B /* 花やしき.jpg */,
				BF1084391F3A26B60039570B /* 表参道.jpg */,
			);
			name = img;
			sourceTree = "<group>";
		};
/* End PBXGroup section */

/* Begin PBXNativeTarget section */
		BF0BD5301F398C23001945C8 /* 20170808hack-ios */ = {
			isa = PBXNativeTarget;
			buildConfigurationList = BF0BD5591F398C23001945C8 /* Build configuration list for PBXNativeTarget "20170808hack-ios" */;
			buildPhases = (
				949CBC38190DF740E3A378B0 /* [CP] Check Pods Manifest.lock */,
				BF0BD52D1F398C23001945C8 /* Sources */,
				BF0BD52E1F398C23001945C8 /* Frameworks */,
				BF0BD52F1F398C23001945C8 /* Resources */,
				D34221D09D794C3971E31A54 /* [CP] Embed Pods Frameworks */,
				8DF1DA84474127F873E32B07 /* [CP] Copy Pods Resources */,
			);
			buildRules = (
			);
			dependencies = (
			);
			name = "20170808hack-ios";
			productName = "20170808hack-ios";
			productReference = BF0BD5311F398C23001945C8 /* 20170808hack-ios.app */;
			productType = "com.apple.product-type.application";
		};
		BF0BD5441F398C23001945C8 /* 20170808hack-iosTests */ = {
			isa = PBXNativeTarget;
			buildConfigurationList = BF0BD55C1F398C23001945C8 /* Build configuration list for PBXNativeTarget "20170808hack-iosTests" */;
			buildPhases = (
				BCAA9847A2D0B464F4C564C2 /* [CP] Check Pods Manifest.lock */,
				BF0BD5411F398C23001945C8 /* Sources */,
				BF0BD5421F398C23001945C8 /* Frameworks */,
				BF0BD5431F398C23001945C8 /* Resources */,
				19009F2E24A5B1632262B1AF /* [CP] Embed Pods Frameworks */,
				E2C7982EC7A91043D8E23A2B /* [CP] Copy Pods Resources */,
			);
			buildRules = (
			);
			dependencies = (
				BF0BD5471F398C23001945C8 /* PBXTargetDependency */,
			);
			name = "20170808hack-iosTests";
			productName = "20170808hack-iosTests";
			productReference = BF0BD5451F398C23001945C8 /* 20170808hack-iosTests.xctest */;
			productType = "com.apple.product-type.bundle.unit-test";
		};
		BF0BD54F1F398C23001945C8 /* 20170808hack-iosUITests */ = {
			isa = PBXNativeTarget;
			buildConfigurationList = BF0BD55F1F398C23001945C8 /* Build configuration list for PBXNativeTarget "20170808hack-iosUITests" */;
			buildPhases = (
				5D47F28A34A81667D34ED3F8 /* [CP] Check Pods Manifest.lock */,
				BF0BD54C1F398C23001945C8 /* Sources */,
				BF0BD54D1F398C23001945C8 /* Frameworks */,
				BF0BD54E1F398C23001945C8 /* Resources */,
				5720E4BF18D0AAFECD7AE55B /* [CP] Embed Pods Frameworks */,
				741E4CFBCEC8AFBC321BFE64 /* [CP] Copy Pods Resources */,
			);
			buildRules = (
			);
			dependencies = (
				BF0BD5521F398C23001945C8 /* PBXTargetDependency */,
			);
			name = "20170808hack-iosUITests";
			productName = "20170808hack-iosUITests";
			productReference = BF0BD5501F398C23001945C8 /* 20170808hack-iosUITests.xctest */;
			productType = "com.apple.product-type.bundle.ui-testing";
		};
/* End PBXNativeTarget section */

/* Begin PBXProject section */
		BF0BD5291F398C23001945C8 /* Project object */ = {
			isa = PBXProject;
			attributes = {
				LastSwiftUpdateCheck = 0830;
				LastUpgradeCheck = 0830;
				ORGANIZATIONNAME = rungineer;
				TargetAttributes = {
					BF0BD5301F398C23001945C8 = {
						CreatedOnToolsVersion = 8.3.3;
						DevelopmentTeam = E5RDJ83DDA;
						ProvisioningStyle = Automatic;
					};
					BF0BD5441F398C23001945C8 = {
						CreatedOnToolsVersion = 8.3.3;
						ProvisioningStyle = Automatic;
						TestTargetID = BF0BD5301F398C23001945C8;
					};
					BF0BD54F1F398C23001945C8 = {
						CreatedOnToolsVersion = 8.3.3;
						ProvisioningStyle = Automatic;
						TestTargetID = BF0BD5301F398C23001945C8;
					};
				};
			};
			buildConfigurationList = BF0BD52C1F398C23001945C8 /* Build configuration list for PBXProject "20170808hack-ios" */;
			compatibilityVersion = "Xcode 3.2";
			developmentRegion = English;
			hasScannedForEncodings = 0;
			knownRegions = (
				en,
				Base,
			);
			mainGroup = BF0BD5281F398C23001945C8;
			productRefGroup = BF0BD5321F398C23001945C8 /* Products */;
			projectDirPath = "";
			projectRoot = "";
			targets = (
				BF0BD5301F398C23001945C8 /* 20170808hack-ios */,
				BF0BD5441F398C23001945C8 /* 20170808hack-iosTests */,
				BF0BD54F1F398C23001945C8 /* 20170808hack-iosUITests */,
			);
		};
/* End PBXProject section */

/* Begin PBXResourcesBuildPhase section */
		BF0BD52F1F398C23001945C8 /* Resources */ = {
			isa = PBXResourcesBuildPhase;
			buildActionMask = 2147483647;
			files = (
				BF10843A1F3A26B60039570B /* LaQua.jpg in Resources */,
				BF1084411F3A26B60039570B /* 東京スカイツリー.jpg in Resources */,
				BF1084441F3A26B60039570B /* 浜離宮恩賜庭園.jpg in Resources */,
				BF0BD57C1F39D1F1001945C8 /* rittu.jpg in Resources */,
				BF10843E1F3A26B60039570B /* 代々木公園.jpg in Resources */,
				BF10843F1F3A26B60039570B /* 六本木ヒルズ.jpg in Resources */,
				BF10843B1F3A26B60039570B /* すみだ水族館.jpg in Resources */,
				BF1084461F3A26B60039570B /* 表参道.jpg in Resources */,
				BF1084421F3A26B60039570B /* 東京ミッドタウン.jpg in Resources */,
				BF0BD53F1F398C23001945C8 /* LaunchScreen.storyboard in Resources */,
				BF1084401F3A26B60039570B /* 日比谷公園.jpg in Resources */,
				BF0BD5751F39D155001945C8 /* 1.png in Resources */,
				3139D1931F39F18200189BDB /* System1.storyboard in Resources */,
				BF0BD5761F39D155001945C8 /* 2.png in Resources */,
				BF1084431F3A26B60039570B /* 東京都庁展望室.jpg in Resources */,
				BF0BD5771F39D155001945C8 /* 3.png in Resources */,
				BF0BD57D1F39D1F1001945C8 /* 六本木の夜景.jpg in Resources */,
				BF0BD53C1F398C23001945C8 /* Assets.xcassets in Resources */,
				BF1084451F3A26B60039570B /* 花やしき.jpg in Resources */,
				BF10843D1F3A26B60039570B /* 上野動物園.jpg in Resources */,
				BF10843C1F3A26B60039570B /* とよしまえん.jpg in Resources */,
				BF0BD53A1F398C23001945C8 /* Main.storyboard in Resources */,
				3139D1951F3A1E7400189BDB /* GoogleService-Info.plist in Resources */,
				BF0BD5781F39D155001945C8 /* アイコン.png in Resources */,
			);
			runOnlyForDeploymentPostprocessing = 0;
		};
		BF0BD5431F398C23001945C8 /* Resources */ = {
			isa = PBXResourcesBuildPhase;
			buildActionMask = 2147483647;
			files = (
			);
			runOnlyForDeploymentPostprocessing = 0;
		};
		BF0BD54E1F398C23001945C8 /* Resources */ = {
			isa = PBXResourcesBuildPhase;
			buildActionMask = 2147483647;
			files = (
			);
			runOnlyForDeploymentPostprocessing = 0;
		};
/* End PBXResourcesBuildPhase section */

/* Begin PBXShellScriptBuildPhase section */
		19009F2E24A5B1632262B1AF /* [CP] Embed Pods Frameworks */ = {
			isa = PBXShellScriptBuildPhase;
			buildActionMask = 2147483647;
			files = (
			);
			inputPaths = (
			);
			name = "[CP] Embed Pods Frameworks";
			outputPaths = (
			);
			runOnlyForDeploymentPostprocessing = 0;
			shellPath = /bin/sh;
			shellScript = "\"${SRCROOT}/Pods/Target Support Files/Pods-20170808hack-iosTests/Pods-20170808hack-iosTests-frameworks.sh\"\n";
			showEnvVarsInLog = 0;
		};
		5720E4BF18D0AAFECD7AE55B /* [CP] Embed Pods Frameworks */ = {
			isa = PBXShellScriptBuildPhase;
			buildActionMask = 2147483647;
			files = (
			);
			inputPaths = (
			);
			name = "[CP] Embed Pods Frameworks";
			outputPaths = (
			);
			runOnlyForDeploymentPostprocessing = 0;
			shellPath = /bin/sh;
			shellScript = "\"${SRCROOT}/Pods/Target Support Files/Pods-20170808hack-iosUITests/Pods-20170808hack-iosUITests-frameworks.sh\"\n";
			showEnvVarsInLog = 0;
		};
		5D47F28A34A81667D34ED3F8 /* [CP] Check Pods Manifest.lock */ = {
			isa = PBXShellScriptBuildPhase;
			buildActionMask = 2147483647;
			files = (
			);
			inputPaths = (
			);
			name = "[CP] Check Pods Manifest.lock";
			outputPaths = (
			);
			runOnlyForDeploymentPostprocessing = 0;
			shellPath = /bin/sh;
			shellScript = "diff \"${PODS_PODFILE_DIR_PATH}/Podfile.lock\" \"${PODS_ROOT}/Manifest.lock\" > /dev/null\nif [ $? != 0 ] ; then\n    # print error to STDERR\n    echo \"error: The sandbox is not in sync with the Podfile.lock. Run 'pod install' or update your CocoaPods installation.\" >&2\n    exit 1\nfi\n";
			showEnvVarsInLog = 0;
		};
		741E4CFBCEC8AFBC321BFE64 /* [CP] Copy Pods Resources */ = {
			isa = PBXShellScriptBuildPhase;
			buildActionMask = 2147483647;
			files = (
			);
			inputPaths = (
			);
			name = "[CP] Copy Pods Resources";
			outputPaths = (
			);
			runOnlyForDeploymentPostprocessing = 0;
			shellPath = /bin/sh;
			shellScript = "\"${SRCROOT}/Pods/Target Support Files/Pods-20170808hack-iosUITests/Pods-20170808hack-iosUITests-resources.sh\"\n";
			showEnvVarsInLog = 0;
		};
		8DF1DA84474127F873E32B07 /* [CP] Copy Pods Resources */ = {
			isa = PBXShellScriptBuildPhase;
			buildActionMask = 2147483647;
			files = (
			);
			inputPaths = (
			);
			name = "[CP] Copy Pods Resources";
			outputPaths = (
			);
			runOnlyForDeploymentPostprocessing = 0;
			shellPath = /bin/sh;
			shellScript = "\"${SRCROOT}/Pods/Target Support Files/Pods-20170808hack-ios/Pods-20170808hack-ios-resources.sh\"\n";
			showEnvVarsInLog = 0;
		};
		949CBC38190DF740E3A378B0 /* [CP] Check Pods Manifest.lock */ = {
			isa = PBXShellScriptBuildPhase;
			buildActionMask = 2147483647;
			files = (
			);
			inputPaths = (
			);
			name = "[CP] Check Pods Manifest.lock";
			outputPaths = (
			);
			runOnlyForDeploymentPostprocessing = 0;
			shellPath = /bin/sh;
			shellScript = "diff \"${PODS_PODFILE_DIR_PATH}/Podfile.lock\" \"${PODS_ROOT}/Manifest.lock\" > /dev/null\nif [ $? != 0 ] ; then\n    # print error to STDERR\n    echo \"error: The sandbox is not in sync with the Podfile.lock. Run 'pod install' or update your CocoaPods installation.\" >&2\n    exit 1\nfi\n";
			showEnvVarsInLog = 0;
		};
		BCAA9847A2D0B464F4C564C2 /* [CP] Check Pods Manifest.lock */ = {
			isa = PBXShellScriptBuildPhase;
			buildActionMask = 2147483647;
			files = (
			);
			inputPaths = (
			);
			name = "[CP] Check Pods Manifest.lock";
			outputPaths = (
			);
			runOnlyForDeploymentPostprocessing = 0;
			shellPath = /bin/sh;
			shellScript = "diff \"${PODS_PODFILE_DIR_PATH}/Podfile.lock\" \"${PODS_ROOT}/Manifest.lock\" > /dev/null\nif [ $? != 0 ] ; then\n    # print error to STDERR\n    echo \"error: The sandbox is not in sync with the Podfile.lock. Run 'pod install' or update your CocoaPods installation.\" >&2\n    exit 1\nfi\n";
			showEnvVarsInLog = 0;
		};
		D34221D09D794C3971E31A54 /* [CP] Embed Pods Frameworks */ = {
			isa = PBXShellScriptBuildPhase;
			buildActionMask = 2147483647;
			files = (
			);
			inputPaths = (
			);
			name = "[CP] Embed Pods Frameworks";
			outputPaths = (
			);
			runOnlyForDeploymentPostprocessing = 0;
			shellPath = /bin/sh;
			shellScript = "\"${SRCROOT}/Pods/Target Support Files/Pods-20170808hack-ios/Pods-20170808hack-ios-frameworks.sh\"\n";
			showEnvVarsInLog = 0;
		};
		E2C7982EC7A91043D8E23A2B /* [CP] Copy Pods Resources */ = {
			isa = PBXShellScriptBuildPhase;
			buildActionMask = 2147483647;
			files = (
			);
			inputPaths = (
			);
			name = "[CP] Copy Pods Resources";
			outputPaths = (
			);
			runOnlyForDeploymentPostprocessing = 0;
			shellPath = /bin/sh;
			shellScript = "\"${SRCROOT}/Pods/Target Support Files/Pods-20170808hack-iosTests/Pods-20170808hack-iosTests-resources.sh\"\n";
			showEnvVarsInLog = 0;
		};
/* End PBXShellScriptBuildPhase section */

/* Begin PBXSourcesBuildPhase section */
		BF0BD52D1F398C23001945C8 /* Sources */ = {
			isa = PBXSourcesBuildPhase;
			buildActionMask = 2147483647;
			files = (
				BF0BD5861F39D3E3001945C8 /* RangedAxisExample.swift in Sources */,
				BF0BD5801F39D32C001945C8 /* sensingViewController.swift in Sources */,
				BF0BD5371F398C23001945C8 /* ViewController.swift in Sources */,
				BF0BD5821F39D3AB001945C8 /* ExamplesDefaults.swift in Sources */,
				BF0BD5841F39D3C9001945C8 /* Env.swift in Sources */,
				BF0BD5351F398C23001945C8 /* AppDelegate.swift in Sources */,
				BF0BD5671F39A3BF001945C8 /* collectionViewController.swift in Sources */,
				BF10842C1F39FBA10039570B /* detailViewController.swift in Sources */,
			);
			runOnlyForDeploymentPostprocessing = 0;
		};
		BF0BD5411F398C23001945C8 /* Sources */ = {
			isa = PBXSourcesBuildPhase;
			buildActionMask = 2147483647;
			files = (
				BF0BD54A1F398C23001945C8 /* _0170808hack_iosTests.swift in Sources */,
			);
			runOnlyForDeploymentPostprocessing = 0;
		};
		BF0BD54C1F398C23001945C8 /* Sources */ = {
			isa = PBXSourcesBuildPhase;
			buildActionMask = 2147483647;
			files = (
				BF0BD5551F398C23001945C8 /* _0170808hack_iosUITests.swift in Sources */,
			);
			runOnlyForDeploymentPostprocessing = 0;
		};
/* End PBXSourcesBuildPhase section */

/* Begin PBXTargetDependency section */
		BF0BD5471F398C23001945C8 /* PBXTargetDependency */ = {
			isa = PBXTargetDependency;
			target = BF0BD5301F398C23001945C8 /* 20170808hack-ios */;
			targetProxy = BF0BD5461F398C23001945C8 /* PBXContainerItemProxy */;
		};
		BF0BD5521F398C23001945C8 /* PBXTargetDependency */ = {
			isa = PBXTargetDependency;
			target = BF0BD5301F398C23001945C8 /* 20170808hack-ios */;
			targetProxy = BF0BD5511F398C23001945C8 /* PBXContainerItemProxy */;
		};
/* End PBXTargetDependency section */

/* Begin PBXVariantGroup section */
		BF0BD5381F398C23001945C8 /* Main.storyboard */ = {
			isa = PBXVariantGroup;
			children = (
				BF0BD5391F398C23001945C8 /* Base */,
			);
			name = Main.storyboard;
			sourceTree = "<group>";
		};
		BF0BD53D1F398C23001945C8 /* LaunchScreen.storyboard */ = {
			isa = PBXVariantGroup;
			children = (
				BF0BD53E1F398C23001945C8 /* Base */,
			);
			name = LaunchScreen.storyboard;
			sourceTree = "<group>";
		};
/* End PBXVariantGroup section */

/* Begin XCBuildConfiguration section */
		BF0BD5571F398C23001945C8 /* Debug */ = {
			isa = XCBuildConfiguration;
			buildSettings = {
				ALWAYS_SEARCH_USER_PATHS = NO;
				CLANG_ANALYZER_NONNULL = YES;
				CLANG_ANALYZER_NUMBER_OBJECT_CONVERSION = YES_AGGRESSIVE;
				CLANG_CXX_LANGUAGE_STANDARD = "gnu++0x";
				CLANG_CXX_LIBRARY = "libc++";
				CLANG_ENABLE_MODULES = YES;
				CLANG_ENABLE_OBJC_ARC = YES;
				CLANG_WARN_BOOL_CONVERSION = YES;
				CLANG_WARN_CONSTANT_CONVERSION = YES;
				CLANG_WARN_DIRECT_OBJC_ISA_USAGE = YES_ERROR;
				CLANG_WARN_DOCUMENTATION_COMMENTS = YES;
				CLANG_WARN_EMPTY_BODY = YES;
				CLANG_WARN_ENUM_CONVERSION = YES;
				CLANG_WARN_INFINITE_RECURSION = YES;
				CLANG_WARN_INT_CONVERSION = YES;
				CLANG_WARN_OBJC_ROOT_CLASS = YES_ERROR;
				CLANG_WARN_SUSPICIOUS_MOVE = YES;
				CLANG_WARN_UNREACHABLE_CODE = YES;
				CLANG_WARN__DUPLICATE_METHOD_MATCH = YES;
				"CODE_SIGN_IDENTITY[sdk=iphoneos*]" = "iPhone Developer";
				COPY_PHASE_STRIP = NO;
				DEBUG_INFORMATION_FORMAT = dwarf;
				ENABLE_STRICT_OBJC_MSGSEND = YES;
				ENABLE_TESTABILITY = YES;
				GCC_C_LANGUAGE_STANDARD = gnu99;
				GCC_DYNAMIC_NO_PIC = NO;
				GCC_NO_COMMON_BLOCKS = YES;
				GCC_OPTIMIZATION_LEVEL = 0;
				GCC_PREPROCESSOR_DEFINITIONS = (
					"DEBUG=1",
					"$(inherited)",
				);
				GCC_WARN_64_TO_32_BIT_CONVERSION = YES;
				GCC_WARN_ABOUT_RETURN_TYPE = YES_ERROR;
				GCC_WARN_UNDECLARED_SELECTOR = YES;
				GCC_WARN_UNINITIALIZED_AUTOS = YES_AGGRESSIVE;
				GCC_WARN_UNUSED_FUNCTION = YES;
				GCC_WARN_UNUSED_VARIABLE = YES;
				IPHONEOS_DEPLOYMENT_TARGET = 10.3;
				MTL_ENABLE_DEBUG_INFO = YES;
				ONLY_ACTIVE_ARCH = YES;
				SDKROOT = iphoneos;
				SWIFT_ACTIVE_COMPILATION_CONDITIONS = DEBUG;
				SWIFT_OPTIMIZATION_LEVEL = "-Onone";
				TARGETED_DEVICE_FAMILY = "1,2";
			};
			name = Debug;
		};
		BF0BD5581F398C23001945C8 /* Release */ = {
			isa = XCBuildConfiguration;
			buildSettings = {
				ALWAYS_SEARCH_USER_PATHS = NO;
				CLANG_ANALYZER_NONNULL = YES;
				CLANG_ANALYZER_NUMBER_OBJECT_CONVERSION = YES_AGGRESSIVE;
				CLANG_CXX_LANGUAGE_STANDARD = "gnu++0x";
				CLANG_CXX_LIBRARY = "libc++";
				CLANG_ENABLE_MODULES = YES;
				CLANG_ENABLE_OBJC_ARC = YES;
				CLANG_WARN_BOOL_CONVERSION = YES;
				CLANG_WARN_CONSTANT_CONVERSION = YES;
				CLANG_WARN_DIRECT_OBJC_ISA_USAGE = YES_ERROR;
				CLANG_WARN_DOCUMENTATION_COMMENTS = YES;
				CLANG_WARN_EMPTY_BODY = YES;
				CLANG_WARN_ENUM_CONVERSION = YES;
				CLANG_WARN_INFINITE_RECURSION = YES;
				CLANG_WARN_INT_CONVERSION = YES;
				CLANG_WARN_OBJC_ROOT_CLASS = YES_ERROR;
				CLANG_WARN_SUSPICIOUS_MOVE = YES;
				CLANG_WARN_UNREACHABLE_CODE = YES;
				CLANG_WARN__DUPLICATE_METHOD_MATCH = YES;
				"CODE_SIGN_IDENTITY[sdk=iphoneos*]" = "iPhone Developer";
				COPY_PHASE_STRIP = NO;
				DEBUG_INFORMATION_FORMAT = "dwarf-with-dsym";
				ENABLE_NS_ASSERTIONS = NO;
				ENABLE_STRICT_OBJC_MSGSEND = YES;
				GCC_C_LANGUAGE_STANDARD = gnu99;
				GCC_NO_COMMON_BLOCKS = YES;
				GCC_WARN_64_TO_32_BIT_CONVERSION = YES;
				GCC_WARN_ABOUT_RETURN_TYPE = YES_ERROR;
				GCC_WARN_UNDECLARED_SELECTOR = YES;
				GCC_WARN_UNINITIALIZED_AUTOS = YES_AGGRESSIVE;
				GCC_WARN_UNUSED_FUNCTION = YES;
				GCC_WARN_UNUSED_VARIABLE = YES;
				IPHONEOS_DEPLOYMENT_TARGET = 10.3;
				MTL_ENABLE_DEBUG_INFO = NO;
				SDKROOT = iphoneos;
				SWIFT_OPTIMIZATION_LEVEL = "-Owholemodule";
				TARGETED_DEVICE_FAMILY = "1,2";
				VALIDATE_PRODUCT = YES;
			};
			name = Release;
		};
		BF0BD55A1F398C23001945C8 /* Debug */ = {
			isa = XCBuildConfiguration;
			baseConfigurationReference = 4121ABE30F9BE69BE1E443D0 /* Pods-20170808hack-ios.debug.xcconfig */;
			buildSettings = {
				ASSETCATALOG_COMPILER_APPICON_NAME = AppIcon;
				DEVELOPMENT_TEAM = E5RDJ83DDA;
				INFOPLIST_FILE = "20170808hack-ios/Info.plist";
				LD_RUNPATH_SEARCH_PATHS = "$(inherited) @executable_path/Frameworks";
				PRODUCT_BUNDLE_IDENTIFIER = "rungineer.-0170808hack-ios";
				PRODUCT_NAME = "$(TARGET_NAME)";
				SWIFT_VERSION = 3.0;
			};
			name = Debug;
		};
		BF0BD55B1F398C23001945C8 /* Release */ = {
			isa = XCBuildConfiguration;
			baseConfigurationReference = 5A0B29DF6778C1E59BD7EEC5 /* Pods-20170808hack-ios.release.xcconfig */;
			buildSettings = {
				ASSETCATALOG_COMPILER_APPICON_NAME = AppIcon;
				DEVELOPMENT_TEAM = E5RDJ83DDA;
				INFOPLIST_FILE = "20170808hack-ios/Info.plist";
				LD_RUNPATH_SEARCH_PATHS = "$(inherited) @executable_path/Frameworks";
				PRODUCT_BUNDLE_IDENTIFIER = "rungineer.-0170808hack-ios";
				PRODUCT_NAME = "$(TARGET_NAME)";
				SWIFT_VERSION = 3.0;
			};
			name = Release;
		};
		BF0BD55D1F398C23001945C8 /* Debug */ = {
			isa = XCBuildConfiguration;
			baseConfigurationReference = 0A8765B898307C37FAFDF867 /* Pods-20170808hack-iosTests.debug.xcconfig */;
			buildSettings = {
				ALWAYS_EMBED_SWIFT_STANDARD_LIBRARIES = YES;
				BUNDLE_LOADER = "$(TEST_HOST)";
				INFOPLIST_FILE = "20170808hack-iosTests/Info.plist";
				LD_RUNPATH_SEARCH_PATHS = "$(inherited) @executable_path/Frameworks @loader_path/Frameworks";
				PRODUCT_BUNDLE_IDENTIFIER = "rungineer.-0170808hack-iosTests";
				PRODUCT_NAME = "$(TARGET_NAME)";
				SWIFT_VERSION = 3.0;
				TEST_HOST = "$(BUILT_PRODUCTS_DIR)/20170808hack-ios.app/20170808hack-ios";
			};
			name = Debug;
		};
		BF0BD55E1F398C23001945C8 /* Release */ = {
			isa = XCBuildConfiguration;
			baseConfigurationReference = F451EAF1D4395232E2C6D6E4 /* Pods-20170808hack-iosTests.release.xcconfig */;
			buildSettings = {
				ALWAYS_EMBED_SWIFT_STANDARD_LIBRARIES = YES;
				BUNDLE_LOADER = "$(TEST_HOST)";
				INFOPLIST_FILE = "20170808hack-iosTests/Info.plist";
				LD_RUNPATH_SEARCH_PATHS = "$(inherited) @executable_path/Frameworks @loader_path/Frameworks";
				PRODUCT_BUNDLE_IDENTIFIER = "rungineer.-0170808hack-iosTests";
				PRODUCT_NAME = "$(TARGET_NAME)";
				SWIFT_VERSION = 3.0;
				TEST_HOST = "$(BUILT_PRODUCTS_DIR)/20170808hack-ios.app/20170808hack-ios";
			};
			name = Release;
		};
		BF0BD5601F398C23001945C8 /* Debug */ = {
			isa = XCBuildConfiguration;
			baseConfigurationReference = C5C42EEAA48226592D9EE91B /* Pods-20170808hack-iosUITests.debug.xcconfig */;
			buildSettings = {
				ALWAYS_EMBED_SWIFT_STANDARD_LIBRARIES = YES;
				INFOPLIST_FILE = "20170808hack-iosUITests/Info.plist";
				LD_RUNPATH_SEARCH_PATHS = "$(inherited) @executable_path/Frameworks @loader_path/Frameworks";
				PRODUCT_BUNDLE_IDENTIFIER = "rungineer.-0170808hack-iosUITests";
				PRODUCT_NAME = "$(TARGET_NAME)";
				SWIFT_VERSION = 3.0;
				TEST_TARGET_NAME = "20170808hack-ios";
			};
			name = Debug;
		};
		BF0BD5611F398C23001945C8 /* Release */ = {
			isa = XCBuildConfiguration;
			baseConfigurationReference = 584ED8C4F731FB2DBC46F050 /* Pods-20170808hack-iosUITests.release.xcconfig */;
			buildSettings = {
				ALWAYS_EMBED_SWIFT_STANDARD_LIBRARIES = YES;
				INFOPLIST_FILE = "20170808hack-iosUITests/Info.plist";
				LD_RUNPATH_SEARCH_PATHS = "$(inherited) @executable_path/Frameworks @loader_path/Frameworks";
				PRODUCT_BUNDLE_IDENTIFIER = "rungineer.-0170808hack-iosUITests";
				PRODUCT_NAME = "$(TARGET_NAME)";
				SWIFT_VERSION = 3.0;
				TEST_TARGET_NAME = "20170808hack-ios";
			};
			name = Release;
		};
/* End XCBuildConfiguration section */

/* Begin XCConfigurationList section */
		BF0BD52C1F398C23001945C8 /* Build configuration list for PBXProject "20170808hack-ios" */ = {
			isa = XCConfigurationList;
			buildConfigurations = (
				BF0BD5571F398C23001945C8 /* Debug */,
				BF0BD5581F398C23001945C8 /* Release */,
			);
			defaultConfigurationIsVisible = 0;
			defaultConfigurationName = Release;
		};
		BF0BD5591F398C23001945C8 /* Build configuration list for PBXNativeTarget "20170808hack-ios" */ = {
			isa = XCConfigurationList;
			buildConfigurations = (
				BF0BD55A1F398C23001945C8 /* Debug */,
				BF0BD55B1F398C23001945C8 /* Release */,
			);
			defaultConfigurationIsVisible = 0;
			defaultConfigurationName = Release;
		};
		BF0BD55C1F398C23001945C8 /* Build configuration list for PBXNativeTarget "20170808hack-iosTests" */ = {
			isa = XCConfigurationList;
			buildConfigurations = (
				BF0BD55D1F398C23001945C8 /* Debug */,
				BF0BD55E1F398C23001945C8 /* Release */,
			);
			defaultConfigurationIsVisible = 0;
			defaultConfigurationName = Release;
		};
		BF0BD55F1F398C23001945C8 /* Build configuration list for PBXNativeTarget "20170808hack-iosUITests" */ = {
			isa = XCConfigurationList;
			buildConfigurations = (
				BF0BD5601F398C23001945C8 /* Debug */,
				BF0BD5611F398C23001945C8 /* Release */,
			);
			defaultConfigurationIsVisible = 0;
			defaultConfigurationName = Release;
		};
/* End XCConfigurationList section */
	};
	rootObject = BF0BD5291F398C23001945C8 /* Project object */;
}
